PODS:
  - AFNetworking (3.2.0):
    - AFNetworking/NSURLSession (= 3.2.0)
    - AFNetworking/Reachability (= 3.2.0)
    - AFNetworking/Security (= 3.2.0)
    - AFNetworking/Serialization (= 3.2.0)
    - AFNetworking/UIKit (= 3.2.0)
  - AFNetworking/NSURLSession (3.2.0):
    - AFNetworking/Reachability
    - AFNetworking/Security
    - AFNetworking/Serialization
  - AFNetworking/Reachability (3.2.0)
  - AFNetworking/Security (3.2.0)
  - AFNetworking/Serialization (3.2.0)
  - AFNetworking/UIKit (3.2.0):
    - AFNetworking/NSURLSession
  - FCFileManager (1.0.20)
  - LYCategory (1.2.26)
  - LYCore (0.1.0):
    - AFNetworking (~> 3.2.0)
    - FCFileManager (~> 1.0.20)
    - LYCategory

DEPENDENCIES:
  - LYCore (from `../`)

SPEC REPOS:
  https://github.com/blodely/LYSpecs.git:
    - LYCategory
  https://github.com/CocoaPods/Specs.git:
    - AFNetworking
    - FCFileManager

EXTERNAL SOURCES:
  LYCore:
    :path: "../"

SPEC CHECKSUMS:
  AFNetworking: 8ac6017b94ea105479f7776e5288e48ae9c59bb4
  FCFileManager: e0f73316e6aa2eb04d2ff4caa75fe7df1ae44270
  LYCategory: 4cdfffbde17b2ae2c869f2f8dea7e65248c74cdd
  LYCore: 61c0c34d99a1d1fa95045c66fb6507d75049c020

PODFILE CHECKSUM: 5e9398a2502b730af0235853feb7fd706fe9950e

COCOAPODS: 1.5.0
