PODS:
  - AFNetworking (3.2.1):
    - AFNetworking/NSURLSession (= 3.2.1)
    - AFNetworking/Reachability (= 3.2.1)
    - AFNetworking/Security (= 3.2.1)
    - AFNetworking/Serialization (= 3.2.1)
    - AFNetworking/UIKit (= 3.2.1)
  - AFNetworking/NSURLSession (3.2.1):
    - AFNetworking/Reachability
    - AFNetworking/Security
    - AFNetworking/Serialization
  - AFNetworking/Reachability (3.2.1)
  - AFNetworking/Security (3.2.1)
  - AFNetworking/Serialization (3.2.1)
  - AFNetworking/UIKit (3.2.1):
    - AFNetworking/NSURLSession
  - FCFileManager (1.0.20)
  - LYCategory (1.2.32)
  - LYCore (1.0.25):
    - AFNetworking (~> 3.2.1)
    - FCFileManager (~> 1.0.20)
    - LYCategory
    - Masonry (~> 1.1.0)
  - Masonry (1.1.0)

DEPENDENCIES:
  - LYCore (from `../`)

SPEC REPOS:
  https://github.com/cocoapods/specs.git:
    - AFNetworking
    - FCFileManager
    - LYCategory
    - Masonry

EXTERNAL SOURCES:
  LYCore:
    :path: "../"

SPEC CHECKSUMS:
  AFNetworking: b6f891fdfaed196b46c7a83cf209e09697b94057
  FCFileManager: e0f73316e6aa2eb04d2ff4caa75fe7df1ae44270
  LYCategory: 3806b9c1f017b30c1fda43064fd7c0766c89678f
  LYCore: d649acc391e5f2186637d349e89abdaae9f469ab
  Masonry: 678fab65091a9290e40e2832a55e7ab731aad201

PODFILE CHECKSUM: 5e9398a2502b730af0235853feb7fd706fe9950e

COCOAPODS: 1.5.3
